
Microsoft Visual Studio Solution File, Format Version 12.00
# Visual Studio 14
VisualStudioVersion = 14.0.25420.1
MinimumVisualStudioVersion = 10.0.40219.1
Project("{2150E333-8FDC-42A3-9474-1A3956D46DE8}") = "81", "81", "{6AA7EB1F-914A-4AFA-9061-FD5A7F7FFCA3}"
EndProject
Project("{2150E333-8FDC-42A3-9474-1A3956D46DE8}") = "82", "82", "{AFEA0F68-493B-40AC-BDC4-0E2EECBF9A31}"
EndProject
Project("{FAE04EC0-301F-11D3-BF4B-00C04F79EFBC}") = "Promotions.Routing.Console", "81\Promotions.Routing.Console\Promotions.Routing.Console.csproj", "{F07F444D-CF68-4E0B-84E6-6C6B083182D6}"
EndProject
Project("{FAE04EC0-301F-11D3-BF4B-00C04F79EFBC}") = "Promotions.Routing.TestConsole", "81\Promotions.Routing.TestConsole\Promotions.Routing.TestConsole.csproj", "{052FD512-6CF0-4C33-BD82-6C3724B5F1D4}"
EndProject
Project("{FAE04EC0-301F-11D3-BF4B-00C04F79EFBC}") = "Sitecore.Commerce.Dynamics.Promotions.Endpoint", "81\Sitecore.Commerce.Dynamics.Promotions.Endpoint\Sitecore.Commerce.Dynamics.Promotions.Endpoint.csproj", "{435FA0F3-0610-4345-87E0-EBD97EED886E}"
EndProject
Project("{FAE04EC0-301F-11D3-BF4B-00C04F79EFBC}") = "Sitecore.Dynamics.Promotions.Provider", "82\Sitecore.Dynamics.Promotions.Provider\Sitecore.Dynamics.Promotions.Provider.csproj", "{1839D635-BCEA-42B9-BFF3-CD31A27F8E1C}"
EndProject
Project("{FAE04EC0-301F-11D3-BF4B-00C04F79EFBC}") = "Promotions.Routing.Console.82", "82\Promotions.Routing.Console.82\Promotions.Routing.Console.82.csproj", "{4751D63F-11C6-48F5-9657-67BDD4145791}"
EndProject
Project("{2150E333-8FDC-42A3-9474-1A3956D46DE8}") = "Shared", "Shared", "{B160B724-B4DC-4850-BBAF-38024BA4DC25}"
	ProjectSection(SolutionItems) = preProject
		81\Sitecore.Commerce.Dynamics.Promotions.Endpoint\SharedProject_SCPromotions.xpo = 81\Sitecore.Commerce.Dynamics.Promotions.Endpoint\SharedProject_SCPromotions.xpo
	EndProjectSection
EndProject
Project("{CAA73BB0-EF22-4D79-A57E-DF67B3BA9C80}") = "SitecoreItems_Shared", "Shared\SitecoreItems_Shared\SitecoreItems_Shared.scproj", "{6DF226CB-898C-412F-8703-60576C9C8E32}"
EndProject
Project("{CAA73BB0-EF22-4D79-A57E-DF67B3BA9C80}") = "SitecoreItems_81", "81\SitecoreItems_81\SitecoreItems_81.scproj", "{1551BAD8-D92A-49ED-B9E9-1ED23E32A19C}"
EndProject
Project("{CAA73BB0-EF22-4D79-A57E-DF67B3BA9C80}") = "SitecoreItems_82", "82\SitecoreItems_82\SitecoreItems_82.scproj", "{8903A3D2-187E-4E2E-881F-92E90D54BDDE}"
EndProject
Global
	GlobalSection(SolutionConfigurationPlatforms) = preSolution
		Debug|Any CPU = Debug|Any CPU
		Release|Any CPU = Release|Any CPU
	EndGlobalSection
	GlobalSection(ProjectConfigurationPlatforms) = postSolution
		{F07F444D-CF68-4E0B-84E6-6C6B083182D6}.Debug|Any CPU.ActiveCfg = Debug|Any CPU
		{F07F444D-CF68-4E0B-84E6-6C6B083182D6}.Debug|Any CPU.Build.0 = Debug|Any CPU
		{F07F444D-CF68-4E0B-84E6-6C6B083182D6}.Release|Any CPU.ActiveCfg = Release|Any CPU
		{F07F444D-CF68-4E0B-84E6-6C6B083182D6}.Release|Any CPU.Build.0 = Release|Any CPU
		{052FD512-6CF0-4C33-BD82-6C3724B5F1D4}.Debug|Any CPU.ActiveCfg = Debug|Any CPU
		{052FD512-6CF0-4C33-BD82-6C3724B5F1D4}.Debug|Any CPU.Build.0 = Debug|Any CPU
		{052FD512-6CF0-4C33-BD82-6C3724B5F1D4}.Release|Any CPU.ActiveCfg = Release|Any CPU
		{052FD512-6CF0-4C33-BD82-6C3724B5F1D4}.Release|Any CPU.Build.0 = Release|Any CPU
		{435FA0F3-0610-4345-87E0-EBD97EED886E}.Debug|Any CPU.ActiveCfg = Debug|Any CPU
		{435FA0F3-0610-4345-87E0-EBD97EED886E}.Debug|Any CPU.Build.0 = Debug|Any CPU
		{435FA0F3-0610-4345-87E0-EBD97EED886E}.Release|Any CPU.ActiveCfg = Release|Any CPU
		{435FA0F3-0610-4345-87E0-EBD97EED886E}.Release|Any CPU.Build.0 = Release|Any CPU
		{1839D635-BCEA-42B9-BFF3-CD31A27F8E1C}.Debug|Any CPU.ActiveCfg = Debug|Any CPU
		{1839D635-BCEA-42B9-BFF3-CD31A27F8E1C}.Debug|Any CPU.Build.0 = Debug|Any CPU
		{1839D635-BCEA-42B9-BFF3-CD31A27F8E1C}.Release|Any CPU.ActiveCfg = Release|Any CPU
		{1839D635-BCEA-42B9-BFF3-CD31A27F8E1C}.Release|Any CPU.Build.0 = Release|Any CPU
		{4751D63F-11C6-48F5-9657-67BDD4145791}.Debug|Any CPU.ActiveCfg = Debug|Any CPU
		{4751D63F-11C6-48F5-9657-67BDD4145791}.Debug|Any CPU.Build.0 = Debug|Any CPU
		{4751D63F-11C6-48F5-9657-67BDD4145791}.Release|Any CPU.ActiveCfg = Release|Any CPU
		{4751D63F-11C6-48F5-9657-67BDD4145791}.Release|Any CPU.Build.0 = Release|Any CPU
		{6DF226CB-898C-412F-8703-60576C9C8E32}.Debug|Any CPU.ActiveCfg = Debug|Any CPU
		{6DF226CB-898C-412F-8703-60576C9C8E32}.Debug|Any CPU.Build.0 = Debug|Any CPU
		{6DF226CB-898C-412F-8703-60576C9C8E32}.Debug|Any CPU.Deploy.0 = Debug|Any CPU
		{6DF226CB-898C-412F-8703-60576C9C8E32}.Release|Any CPU.ActiveCfg = Release|Any CPU
		{6DF226CB-898C-412F-8703-60576C9C8E32}.Release|Any CPU.Build.0 = Release|Any CPU
		{6DF226CB-898C-412F-8703-60576C9C8E32}.Release|Any CPU.Deploy.0 = Release|Any CPU
		{1551BAD8-D92A-49ED-B9E9-1ED23E32A19C}.Debug|Any CPU.ActiveCfg = Debug|Any CPU
		{1551BAD8-D92A-49ED-B9E9-1ED23E32A19C}.Debug|Any CPU.Build.0 = Debug|Any CPU
		{1551BAD8-D92A-49ED-B9E9-1ED23E32A19C}.Debug|Any CPU.Deploy.0 = Debug|Any CPU
		{1551BAD8-D92A-49ED-B9E9-1ED23E32A19C}.Release|Any CPU.ActiveCfg = Release|Any CPU
		{1551BAD8-D92A-49ED-B9E9-1ED23E32A19C}.Release|Any CPU.Build.0 = Release|Any CPU
		{1551BAD8-D92A-49ED-B9E9-1ED23E32A19C}.Release|Any CPU.Deploy.0 = Release|Any CPU
		{8903A3D2-187E-4E2E-881F-92E90D54BDDE}.Debug|Any CPU.ActiveCfg = Debug|Any CPU
		{8903A3D2-187E-4E2E-881F-92E90D54BDDE}.Debug|Any CPU.Build.0 = Debug|Any CPU
		{8903A3D2-187E-4E2E-881F-92E90D54BDDE}.Debug|Any CPU.Deploy.0 = Debug|Any CPU
		{8903A3D2-187E-4E2E-881F-92E90D54BDDE}.Release|Any CPU.ActiveCfg = Release|Any CPU
		{8903A3D2-187E-4E2E-881F-92E90D54BDDE}.Release|Any CPU.Build.0 = Release|Any CPU
		{8903A3D2-187E-4E2E-881F-92E90D54BDDE}.Release|Any CPU.Deploy.0 = Release|Any CPU
	EndGlobalSection
	GlobalSection(SolutionProperties) = preSolution
		HideSolutionNode = FALSE
	EndGlobalSection
	GlobalSection(NestedProjects) = preSolution
		{F07F444D-CF68-4E0B-84E6-6C6B083182D6} = {6AA7EB1F-914A-4AFA-9061-FD5A7F7FFCA3}
		{052FD512-6CF0-4C33-BD82-6C3724B5F1D4} = {6AA7EB1F-914A-4AFA-9061-FD5A7F7FFCA3}
		{435FA0F3-0610-4345-87E0-EBD97EED886E} = {6AA7EB1F-914A-4AFA-9061-FD5A7F7FFCA3}
		{1839D635-BCEA-42B9-BFF3-CD31A27F8E1C} = {AFEA0F68-493B-40AC-BDC4-0E2EECBF9A31}
		{4751D63F-11C6-48F5-9657-67BDD4145791} = {AFEA0F68-493B-40AC-BDC4-0E2EECBF9A31}
		{6DF226CB-898C-412F-8703-60576C9C8E32} = {B160B724-B4DC-4850-BBAF-38024BA4DC25}
		{1551BAD8-D92A-49ED-B9E9-1ED23E32A19C} = {6AA7EB1F-914A-4AFA-9061-FD5A7F7FFCA3}
		{8903A3D2-187E-4E2E-881F-92E90D54BDDE} = {AFEA0F68-493B-40AC-BDC4-0E2EECBF9A31}
	EndGlobalSection
EndGlobal
